lockfileVersion: '6.0'

settings:
  autoInstallPeers: true
  excludeLinksFromLockfile: false

dependencies:
  svelte-virtual-list:
    specifier: ^3.0.1
    version: 3.0.1

packages:

  /svelte-virtual-list@3.0.1:
    resolution: {integrity: sha512-e7e+jn8VDjmdD8A1oOVBWmUi7jg+uugmiihkK0Cuk35JeeCR8ja40/B6DpCTHJFsQAZg6EVPjetN2ibgr25YCA==}
    dev: false
